// !$*UTF8*$!
{
	archiveVersion = 1;
	classes = {
	};
	objectVersion = 77;
	objects = {

/* Begin PBXBuildFile section */
		752D11742D969034000CD54F /* spatial-sound.wav in Resources */ = {isa = PBXBuildFile; fileRef = 752D11732D969034000CD54F /* spatial-sound.wav */; };
		756F00072D8F102E006F3D67 /* RealityKitContent in Frameworks */ = {isa = PBXBuildFile; productRef = 756F00062D8F102E006F3D67 /* RealityKitContent */; };
/* End PBXBuildFile section */

/* Begin PBXContainerItemProxy section */
		756F001D2D8F1030006F3D67 /* PBXContainerItemProxy */ = {
			isa = PBXContainerItemProxy;
			containerPortal = 756FFFF92D8F102E006F3D67 /* Project object */;
			proxyType = 1;
			remoteGlobalIDString = 756F00002D8F102E006F3D67;
			remoteInfo = "XR-App";
		};
/* End PBXContainerItemProxy section */

/* Begin PBXFileReference section */
		752D11732D969034000CD54F /* spatial-sound.wav */ = {isa = PBXFileReference; lastKnownFileType = audio.wav; path = "spatial-sound.wav"; sourceTree = "<group>"; };
		756F00012D8F102E006F3D67 /* XR-App.app */ = {isa = PBXFileReference; explicitFileType = wrapper.application; includeInIndex = 0; path = "XR-App.app"; sourceTree = BUILT_PRODUCTS_DIR; };
		756F00052D8F102E006F3D67 /* RealityKitContent */ = {isa = PBXFileReference; lastKnownFileType = wrapper; path = RealityKitContent; sourceTree = "<group>"; };
		756F001C2D8F1030006F3D67 /* XR-AppTests.xctest */ = {isa = PBXFileReference; explicitFileType = wrapper.cfbundle; includeInIndex = 0; path = "XR-AppTests.xctest"; sourceTree = BUILT_PRODUCTS_DIR; };
/* End PBXFileReference section */

/* Begin PBXFileSystemSynchronizedBuildFileExceptionSet section */
		7500A0F52D90298900591A99 /* Exceptions for "XR-App" folder in "XR-App" target */ = {
			isa = PBXFileSystemSynchronizedBuildFileExceptionSet;
			membershipExceptions = (
				Info.plist,
			);
			target = 756F00002D8F102E006F3D67 /* XR-App */;
		};
		75A9C3B42DC7DF5100F458DE /* Exceptions for "Resources" folder in "XR-App" target */ = {
			isa = PBXFileSystemSynchronizedBuildFileExceptionSet;
			membershipExceptions = (
				"/Localized: Language/Localizable.strings",
			);
			target = 756F00002D8F102E006F3D67 /* XR-App */;
		};
/* End PBXFileSystemSynchronizedBuildFileExceptionSet section */

/* Begin PBXFileSystemSynchronizedGroupBuildPhaseMembershipExceptionSet section */
		75A9C3B52DC7DF5100F458DE /* Exceptions for "Resources" folder in "Compile Sources" phase from "XR-App" target */ = {
			isa = PBXFileSystemSynchronizedGroupBuildPhaseMembershipExceptionSet;
			buildPhase = 756FFFFD2D8F102E006F3D67 /* Sources */;
			membershipExceptions = (
				"/Localized: Language/Localizable.strings",
			);
		};
/* End PBXFileSystemSynchronizedGroupBuildPhaseMembershipExceptionSet section */

/* Begin PBXFileSystemSynchronizedRootGroup section */
		756F00032D8F102E006F3D67 /* XR-App */ = {
			isa = PBXFileSystemSynchronizedRootGroup;
			exceptions = (
				7500A0F52D90298900591A99 /* Exceptions for "XR-App" folder in "XR-App" target */,
			);
			path = "XR-App";
			sourceTree = "<group>";
		};
		756F001F2D8F1030006F3D67 /* XR-AppTests */ = {
			isa = PBXFileSystemSynchronizedRootGroup;
			path = "XR-AppTests";
			sourceTree = "<group>";
		};
		75A9C39E2DC7DD9700F458DE /* Resources */ = {
			isa = PBXFileSystemSynchronizedRootGroup;
			exceptions = (
				75A9C3B42DC7DF5100F458DE /* Exceptions for "Resources" folder in "XR-App" target */,
				75A9C3B52DC7DF5100F458DE /* Exceptions for "Resources" folder in "Compile Sources" phase from "XR-App" target */,
			);
			path = Resources;
			sourceTree = "<group>";
		};
/* End PBXFileSystemSynchronizedRootGroup section */

/* Begin PBXFrameworksBuildPhase section */
		756F00192D8F1030006F3D67 /* Frameworks */ = {
			isa = PBXFrameworksBuildPhase;
			buildActionMask = 2147483647;
			files = (
			);
			runOnlyForDeploymentPostprocessing = 0;
		};
		756FFFFE2D8F102E006F3D67 /* Frameworks */ = {
			isa = PBXFrameworksBuildPhase;
			buildActionMask = 2147483647;
			files = (
				756F00072D8F102E006F3D67 /* RealityKitContent in Frameworks */,
			);
			runOnlyForDeploymentPostprocessing = 0;
		};
/* End PBXFrameworksBuildPhase section */

/* Begin PBXGroup section */
		756F00022D8F102E006F3D67 /* Products */ = {
			isa = PBXGroup;
			children = (
				756F00012D8F102E006F3D67 /* XR-App.app */,
				756F001C2D8F1030006F3D67 /* XR-AppTests.xctest */,
			);
			name = Products;
			sourceTree = "<group>";
		};
		756F00042D8F102E006F3D67 /* Packages */ = {
			isa = PBXGroup;
			children = (
				756F00052D8F102E006F3D67 /* RealityKitContent */,
			);
			path = Packages;
			sourceTree = "<group>";
		};
		756FFFF82D8F102E006F3D67 = {
			isa = PBXGroup;
			children = (
				75A9C39E2DC7DD9700F458DE /* Resources */,
				756F00032D8F102E006F3D67 /* XR-App */,
				756F00042D8F102E006F3D67 /* Packages */,
				756F001F2D8F1030006F3D67 /* XR-AppTests */,
				756F00022D8F102E006F3D67 /* Products */,
				752D11732D969034000CD54F /* spatial-sound.wav */,
			);
			sourceTree = "<group>";
		};
/* End PBXGroup section */

/* Begin PBXNativeTarget section */
		756F00002D8F102E006F3D67 /* XR-App */ = {
			isa = PBXNativeTarget;
			buildConfigurationList = 756F00232D8F1030006F3D67 /* Build configuration list for PBXNativeTarget "XR-App" */;
			buildPhases = (
				756FFFFD2D8F102E006F3D67 /* Sources */,
				756FFFFE2D8F102E006F3D67 /* Frameworks */,
				756FFFFF2D8F102E006F3D67 /* Resources */,
			);
			buildRules = (
			);
			dependencies = (
			);
			fileSystemSynchronizedGroups = (
				756F00032D8F102E006F3D67 /* XR-App */,
				75A9C39E2DC7DD9700F458DE /* Resources */,
			);
			name = "XR-App";
			packageProductDependencies = (
				756F00062D8F102E006F3D67 /* RealityKitContent */,
			);
			productName = "XR-App";
			productReference = 756F00012D8F102E006F3D67 /* XR-App.app */;
			productType = "com.apple.product-type.application";
		};
		756F001B2D8F1030006F3D67 /* XR-AppTests */ = {
			isa = PBXNativeTarget;
			buildConfigurationList = 756F00282D8F1030006F3D67 /* Build configuration list for PBXNativeTarget "XR-AppTests" */;
			buildPhases = (
				756F00182D8F1030006F3D67 /* Sources */,
				756F00192D8F1030006F3D67 /* Frameworks */,
				756F001A2D8F1030006F3D67 /* Resources */,
			);
			buildRules = (
			);
			dependencies = (
				756F001E2D8F1030006F3D67 /* PBXTargetDependency */,
			);
			fileSystemSynchronizedGroups = (
				756F001F2D8F1030006F3D67 /* XR-AppTests */,
			);
			name = "XR-AppTests";
			packageProductDependencies = (
			);
			productName = "XR-AppTests";
			productReference = 756F001C2D8F1030006F3D67 /* XR-AppTests.xctest */;
			productType = "com.apple.product-type.bundle.unit-test";
		};
/* End PBXNativeTarget section */

/* Begin PBXProject section */
		756FFFF92D8F102E006F3D67 /* Project object */ = {
			isa = PBXProject;
			attributes = {
				BuildIndependentTargetsInParallel = 1;
				LastSwiftUpdateCheck = 1620;
				LastUpgradeCheck = 1620;
				TargetAttributes = {
					756F00002D8F102E006F3D67 = {
						CreatedOnToolsVersion = 16.2;
					};
					756F001B2D8F1030006F3D67 = {
						CreatedOnToolsVersion = 16.2;
						TestTargetID = 756F00002D8F102E006F3D67;
					};
				};
			};
			buildConfigurationList = 756FFFFC2D8F102E006F3D67 /* Build configuration list for PBXProject "XR-App" */;
			developmentRegion = en;
			hasScannedForEncodings = 0;
			knownRegions = (
				en,
				Base,
				de,
				uk,
			);
			mainGroup = 756FFFF82D8F102E006F3D67;
			minimizedProjectReferenceProxies = 1;
			preferredProjectObjectVersion = 77;
			productRefGroup = 756F00022D8F102E006F3D67 /* Products */;
			projectDirPath = "";
			projectRoot = "";
			targets = (
				756F00002D8F102E006F3D67 /* XR-App */,
				756F001B2D8F1030006F3D67 /* XR-AppTests */,
			);
		};
/* End PBXProject section */

/* Begin PBXResourcesBuildPhase section */
		756F001A2D8F1030006F3D67 /* Resources */ = {
			isa = PBXResourcesBuildPhase;
			buildActionMask = 2147483647;
			files = (
			);
			runOnlyForDeploymentPostprocessing = 0;
		};
		756FFFFF2D8F102E006F3D67 /* Resources */ = {
			isa = PBXResourcesBuildPhase;
			buildActionMask = 2147483647;
			files = (
				752D11742D969034000CD54F /* spatial-sound.wav in Resources */,
			);
			runOnlyForDeploymentPostprocessing = 0;
		};
/* End PBXResourcesBuildPhase section */

/* Begin PBXSourcesBuildPhase section */
		756F00182D8F1030006F3D67 /* Sources */ = {
			isa = PBXSourcesBuildPhase;
			buildActionMask = 2147483647;
			files = (
			);
			runOnlyForDeploymentPostprocessing = 0;
		};
		756FFFFD2D8F102E006F3D67 /* Sources */ = {
			isa = PBXSourcesBuildPhase;
			buildActionMask = 2147483647;
			files = (
			);
			runOnlyForDeploymentPostprocessing = 0;
		};
/* End PBXSourcesBuildPhase section */

/* Begin PBXTargetDependency section */
		756F001E2D8F1030006F3D67 /* PBXTargetDependency */ = {
			isa = PBXTargetDependency;
			target = 756F00002D8F102E006F3D67 /* XR-App */;
			targetProxy = 756F001D2D8F1030006F3D67 /* PBXContainerItemProxy */;
		};
/* End PBXTargetDependency section */

/* Begin XCBuildConfiguration section */
		756F00242D8F1030006F3D67 /* Debug */ = {
			isa = XCBuildConfiguration;
			buildSettings = {
				ASSETCATALOG_COMPILER_APPICON_NAME = AppIcon;
				ASSETCATALOG_COMPILER_GLOBAL_ACCENT_COLOR_NAME = AccentColor;
				CODE_SIGN_STYLE = Automatic;
				CURRENT_PROJECT_VERSION = 1;
				DEVELOPMENT_ASSET_PATHS = "\"XR-App/Preview Content\"";
				DEVELOPMENT_TEAM = N7HU2ASRFZ;
				ENABLE_PREVIEWS = YES;
				GENERATE_INFOPLIST_FILE = YES;
				INFOPLIST_FILE = "$(TARGET_NAME)/Info.plist";
				INFOPLIST_KEY_NSMicrophoneUsageDescription = "Microphone Usage Description";
				INFOPLIST_KEY_NSSpeechRecognitionUsageDescription = "Speech Recognition";
				LD_RUNPATH_SEARCH_PATHS = (
					"$(inherited)",
					"@executable_path/Frameworks",
				);
				MARKETING_VERSION = 1.0;
				PRODUCT_BUNDLE_IDENTIFIER = spatial.xrapp;
				PRODUCT_NAME = "$(TARGET_NAME)";
				SUPPORTED_PLATFORMS = "xros xrsimulator";
				SWIFT_EMIT_LOC_STRINGS = YES;
				SWIFT_VERSION = 5.0;
				TARGETED_DEVICE_FAMILY = 7;
			};
			name = Debug;
		};
		756F00252D8F1030006F3D67 /* Release */ = {
			isa = XCBuildConfiguration;
			buildSettings = {
				ASSETCATALOG_COMPILER_APPICON_NAME = AppIcon;
				ASSETCATALOG_COMPILER_GLOBAL_ACCENT_COLOR_NAME = AccentColor;
				CODE_SIGN_STYLE = Automatic;
				CURRENT_PROJECT_VERSION = 1;
				DEVELOPMENT_ASSET_PATHS = "\"XR-App/Preview Content\"";
				DEVELOPMENT_TEAM = N7HU2ASRFZ;
				ENABLE_PREVIEWS = YES;
				GENERATE_INFOPLIST_FILE = YES;
				INFOPLIST_FILE = "$(TARGET_NAME)/Info.plist";
				INFOPLIST_KEY_NSMicrophoneUsageDescription = "Microphone Usage Description";
				INFOPLIST_KEY_NSSpeechRecognitionUsageDescription = "Speech Recognition";
				LD_RUNPATH_SEARCH_PATHS = (
					"$(inherited)",
					"@executable_path/Frameworks",
				);
				MARKETING_VERSION = 1.0;
				PRODUCT_BUNDLE_IDENTIFIER = spatial.xrapp;
				PRODUCT_NAME = "$(TARGET_NAME)";
				SUPPORTED_PLATFORMS = "xros xrsimulator";
				SWIFT_EMIT_LOC_STRINGS = YES;
				SWIFT_VERSION = 5.0;
				TARGETED_DEVICE_FAMILY = 7;
			};
			name = Release;
		};
		756F00262D8F1030006F3D67 /* Debug */ = {
			isa = XCBuildConfiguration;
			buildSettings = {
				ALWAYS_SEARCH_USER_PATHS = NO;
				ASSETCATALOG_COMPILER_GENERATE_SWIFT_ASSET_SYMBOL_EXTENSIONS = YES;
				CLANG_ANALYZER_LOCALIZABILITY_NONLOCALIZED = YES;
				CLANG_ANALYZER_NONNULL = YES;
				CLANG_ANALYZER_NUMBER_OBJECT_CONVERSION = YES_AGGRESSIVE;
				CLANG_CXX_LANGUAGE_STANDARD = "gnu++20";
				CLANG_ENABLE_MODULES = YES;
				CLANG_ENABLE_OBJC_ARC = YES;
				CLANG_ENABLE_OBJC_WEAK = YES;
				CLANG_WARN_BLOCK_CAPTURE_AUTORELEASING = YES;
				CLANG_WARN_BOOL_CONVERSION = YES;
				CLANG_WARN_COMMA = YES;
				CLANG_WARN_CONSTANT_CONVERSION = YES;
				CLANG_WARN_DEPRECATED_OBJC_IMPLEMENTATIONS = YES;
				CLANG_WARN_DIRECT_OBJC_ISA_USAGE = YES_ERROR;
				CLANG_WARN_DOCUMENTATION_COMMENTS = YES;
				CLANG_WARN_EMPTY_BODY = YES;
				CLANG_WARN_ENUM_CONVERSION = YES;
				CLANG_WARN_INFINITE_RECURSION = YES;
				CLANG_WARN_INT_CONVERSION = YES;
				CLANG_WARN_NON_LITERAL_NULL_CONVERSION = YES;
				CLANG_WARN_OBJC_IMPLICIT_RETAIN_SELF = YES;
				CLANG_WARN_OBJC_LITERAL_CONVERSION = YES;
				CLANG_WARN_OBJC_ROOT_CLASS = YES_ERROR;
				CLANG_WARN_QUOTED_INCLUDE_IN_FRAMEWORK_HEADER = YES;
				CLANG_WARN_RANGE_LOOP_ANALYSIS = YES;
				CLANG_WARN_STRICT_PROTOTYPES = YES;
				CLANG_WARN_SUSPICIOUS_MOVE = YES;
				CLANG_WARN_UNGUARDED_AVAILABILITY = YES_AGGRESSIVE;
				CLANG_WARN_UNREACHABLE_CODE = YES;
				CLANG_WARN__DUPLICATE_METHOD_MATCH = YES;
				COPY_PHASE_STRIP = NO;
				DEBUG_INFORMATION_FORMAT = dwarf;
				ENABLE_STRICT_OBJC_MSGSEND = YES;
				ENABLE_TESTABILITY = YES;
				ENABLE_USER_SCRIPT_SANDBOXING = YES;
				GCC_C_LANGUAGE_STANDARD = gnu17;
				GCC_DYNAMIC_NO_PIC = NO;
				GCC_NO_COMMON_BLOCKS = YES;
				GCC_OPTIMIZATION_LEVEL = 0;
				GCC_PREPROCESSOR_DEFINITIONS = (
					"DEBUG=1",
					"$(inherited)",
				);
				GCC_WARN_64_TO_32_BIT_CONVERSION = YES;
				GCC_WARN_ABOUT_RETURN_TYPE = YES_ERROR;
				GCC_WARN_UNDECLARED_SELECTOR = YES;
				GCC_WARN_UNINITIALIZED_AUTOS = YES_AGGRESSIVE;
				GCC_WARN_UNUSED_FUNCTION = YES;
				GCC_WARN_UNUSED_VARIABLE = YES;
				LOCALIZATION_PREFERS_STRING_CATALOGS = YES;
				MTL_ENABLE_DEBUG_INFO = INCLUDE_SOURCE;
				MTL_FAST_MATH = YES;
				ONLY_ACTIVE_ARCH = YES;
				SDKROOT = xros;
				SWIFT_ACTIVE_COMPILATION_CONDITIONS = "DEBUG $(inherited)";
				SWIFT_OPTIMIZATION_LEVEL = "-Onone";
				XROS_DEPLOYMENT_TARGET = 2.2;
			};
			name = Debug;
		};
		756F00272D8F1030006F3D67 /* Release */ = {
			isa = XCBuildConfiguration;
			buildSettings = {
				ALWAYS_SEARCH_USER_PATHS = NO;
				ASSETCATALOG_COMPILER_GENERATE_SWIFT_ASSET_SYMBOL_EXTENSIONS = YES;
				CLANG_ANALYZER_LOCALIZABILITY_NONLOCALIZED = YES;
				CLANG_ANALYZER_NONNULL = YES;
				CLANG_ANALYZER_NUMBER_OBJECT_CONVERSION = YES_AGGRESSIVE;
				CLANG_CXX_LANGUAGE_STANDARD = "gnu++20";
				CLANG_ENABLE_MODULES = YES;
				CLANG_ENABLE_OBJC_ARC = YES;
				CLANG_ENABLE_OBJC_WEAK = YES;
				CLANG_WARN_BLOCK_CAPTURE_AUTORELEASING = YES;
				CLANG_WARN_BOOL_CONVERSION = YES;
				CLANG_WARN_COMMA = YES;
				CLANG_WARN_CONSTANT_CONVERSION = YES;
				CLANG_WARN_DEPRECATED_OBJC_IMPLEMENTATIONS = YES;
				CLANG_WARN_DIRECT_OBJC_ISA_USAGE = YES_ERROR;
				CLANG_WARN_DOCUMENTATION_COMMENTS = YES;
				CLANG_WARN_EMPTY_BODY = YES;
				CLANG_WARN_ENUM_CONVERSION = YES;
				CLANG_WARN_INFINITE_RECURSION = YES;
				CLANG_WARN_INT_CONVERSION = YES;
				CLANG_WARN_NON_LITERAL_NULL_CONVERSION = YES;
				CLANG_WARN_OBJC_IMPLICIT_RETAIN_SELF = YES;
				CLANG_WARN_OBJC_LITERAL_CONVERSION = YES;
				CLANG_WARN_OBJC_ROOT_CLASS = YES_ERROR;
				CLANG_WARN_QUOTED_INCLUDE_IN_FRAMEWORK_HEADER = YES;
				CLANG_WARN_RANGE_LOOP_ANALYSIS = YES;
				CLANG_WARN_STRICT_PROTOTYPES = YES;
				CLANG_WARN_SUSPICIOUS_MOVE = YES;
				CLANG_WARN_UNGUARDED_AVAILABILITY = YES_AGGRESSIVE;
				CLANG_WARN_UNREACHABLE_CODE = YES;
				CLANG_WARN__DUPLICATE_METHOD_MATCH = YES;
				COPY_PHASE_STRIP = NO;
				DEBUG_INFORMATION_FORMAT = "dwarf-with-dsym";
				ENABLE_NS_ASSERTIONS = NO;
				ENABLE_STRICT_OBJC_MSGSEND = YES;
				ENABLE_USER_SCRIPT_SANDBOXING = YES;
				GCC_C_LANGUAGE_STANDARD = gnu17;
				GCC_NO_COMMON_BLOCKS = YES;
				GCC_WARN_64_TO_32_BIT_CONVERSION = YES;
				GCC_WARN_ABOUT_RETURN_TYPE = YES_ERROR;
				GCC_WARN_UNDECLARED_SELECTOR = YES;
				GCC_WARN_UNINITIALIZED_AUTOS = YES_AGGRESSIVE;
				GCC_WARN_UNUSED_FUNCTION = YES;
				GCC_WARN_UNUSED_VARIABLE = YES;
				LOCALIZATION_PREFERS_STRING_CATALOGS = YES;
				MTL_ENABLE_DEBUG_INFO = NO;
				MTL_FAST_MATH = YES;
				SDKROOT = xros;
				SWIFT_COMPILATION_MODE = wholemodule;
				VALIDATE_PRODUCT = YES;
				XROS_DEPLOYMENT_TARGET = 2.2;
			};
			name = Release;
		};
		756F00292D8F1030006F3D67 /* Debug */ = {
			isa = XCBuildConfiguration;
			buildSettings = {
				BUNDLE_LOADER = "$(TEST_HOST)";
				CODE_SIGN_STYLE = Automatic;
				CURRENT_PROJECT_VERSION = 1;
				DEVELOPMENT_TEAM = N7HU2ASRFZ;
				GENERATE_INFOPLIST_FILE = YES;
				MARKETING_VERSION = 1.0;
				PRODUCT_BUNDLE_IDENTIFIER = "spatial.XR-AppTests";
				PRODUCT_NAME = "$(TARGET_NAME)";
				SUPPORTED_PLATFORMS = "xros xrsimulator";
				SWIFT_EMIT_LOC_STRINGS = NO;
				SWIFT_VERSION = 5.0;
				TARGETED_DEVICE_FAMILY = 7;
				TEST_HOST = "$(BUILT_PRODUCTS_DIR)/XR-App.app/$(BUNDLE_EXECUTABLE_FOLDER_PATH)/XR-App";
				XROS_DEPLOYMENT_TARGET = 2.2;
			};
			name = Debug;
		};
		756F002A2D8F1030006F3D67 /* Release */ = {
			isa = XCBuildConfiguration;
			buildSettings = {
				BUNDLE_LOADER = "$(TEST_HOST)";
				CODE_SIGN_STYLE = Automatic;
				CURRENT_PROJECT_VERSION = 1;
				DEVELOPMENT_TEAM = N7HU2ASRFZ;
				GENERATE_INFOPLIST_FILE = YES;
				MARKETING_VERSION = 1.0;
				PRODUCT_BUNDLE_IDENTIFIER = "spatial.XR-AppTests";
				PRODUCT_NAME = "$(TARGET_NAME)";
				SUPPORTED_PLATFORMS = "xros xrsimulator";
				SWIFT_EMIT_LOC_STRINGS = NO;
				SWIFT_VERSION = 5.0;
				TARGETED_DEVICE_FAMILY = 7;
				TEST_HOST = "$(BUILT_PRODUCTS_DIR)/XR-App.app/$(BUNDLE_EXECUTABLE_FOLDER_PATH)/XR-App";
				XROS_DEPLOYMENT_TARGET = 2.2;
			};
			name = Release;
		};
/* End XCBuildConfiguration section */

/* Begin XCConfigurationList section */
		756F00232D8F1030006F3D67 /* Build configuration list for PBXNativeTarget "XR-App" */ = {
			isa = XCConfigurationList;
			buildConfigurations = (
				756F00242D8F1030006F3D67 /* Debug */,
				756F00252D8F1030006F3D67 /* Release */,
			);
			defaultConfigurationIsVisible = 0;
			defaultConfigurationName = Release;
		};
		756F00282D8F1030006F3D67 /* Build configuration list for PBXNativeTarget "XR-AppTests" */ = {
			isa = XCConfigurationList;
			buildConfigurations = (
				756F00292D8F1030006F3D67 /* Debug */,
				756F002A2D8F1030006F3D67 /* Release */,
			);
			defaultConfigurationIsVisible = 0;
			defaultConfigurationName = Release;
		};
		756FFFFC2D8F102E006F3D67 /* Build configuration list for PBXProject "XR-App" */ = {
			isa = XCConfigurationList;
			buildConfigurations = (
				756F00262D8F1030006F3D67 /* Debug */,
				756F00272D8F1030006F3D67 /* Release */,
			);
			defaultConfigurationIsVisible = 0;
			defaultConfigurationName = Release;
		};
/* End XCConfigurationList section */

/* Begin XCSwiftPackageProductDependency section */
		756F00062D8F102E006F3D67 /* RealityKitContent */ = {
			isa = XCSwiftPackageProductDependency;
			productName = RealityKitContent;
		};
/* End XCSwiftPackageProductDependency section */
	};
	rootObject = 756FFFF92D8F102E006F3D67 /* Project object */;
}
